
Microsoft Visual Studio Solution File, Format Version 12.00
# Visual Studio Version 17
VisualStudioVersion = 17.11.35208.52
MinimumVisualStudioVersion = 10.0.40219.1
Project("{FAE04EC0-301F-11D3-BF4B-00C04F79EFBC}") = "WpfApp1", "WpfApp1.csproj", "{BC75C0FA-01EC-44C7-9406-C593E62719F1}"
EndProject
Global
	GlobalSection(SolutionConfigurationPlatforms) = preSolution
		Debug|Any CPU = Debug|Any CPU
		Release|Any CPU = Release|Any CPU
	EndGlobalSection
	GlobalSection(ProjectConfigurationPlatforms) = postSolution
		{BC75C0FA-01EC-44C7-9406-C593E62719F1}.Debug|Any CPU.ActiveCfg = Debug|Any CPU
		{BC75C0FA-01EC-44C7-9406-C593E62719F1}.Debug|Any CPU.Build.0 = Debug|Any CPU
		{BC75C0FA-01EC-44C7-9406-C593E62719F1}.Release|Any CPU.ActiveCfg = Release|Any CPU
		{BC75C0FA-01EC-44C7-9406-C593E62719F1}.Release|Any CPU.Build.0 = Release|Any CPU
	EndGlobalSection
	GlobalSection(SolutionProperties) = preSolution
		HideSolutionNode = FALSE
	EndGlobalSection
	GlobalSection(ExtensibilityGlobals) = postSolution
		SolutionGuid = {9CE43EE6-4D9D-48B4-B478-787EAED47059}
	EndGlobalSection
EndGlobal
